
Microsoft Visual Studio Solution File, Format Version 12.00
# Visual Studio Version 17
VisualStudioVersion = 17.7.34024.191
MinimumVisualStudioVersion = 10.0.40219.1
Project("{9A19103F-16F7-4668-BE54-9A1E7A4F7556}") = "DoubleDoubleDistribution", "DoubleDoubleDistribution\DoubleDoubleDistribution.csproj", "{8135883D-8ED2-4099-86C2-BE77FED9079A}"
EndProject
Project("{9A19103F-16F7-4668-BE54-9A1E7A4F7556}") = "DoubleDoubleDistributionTest", "DoubleDoubleDistributionTest\DoubleDoubleDistributionTest.csproj", "{A1B12FBA-43DD-424B-9303-2530B87EDD23}"
	ProjectSection(ProjectDependencies) = postProject
		{8135883D-8ED2-4099-86C2-BE77FED9079A} = {8135883D-8ED2-4099-86C2-BE77FED9079A}
	EndProjectSection
EndProject
Global
	GlobalSection(SolutionConfigurationPlatforms) = preSolution
		Debug|Any CPU = Debug|Any CPU
		Release|Any CPU = Release|Any CPU
	EndGlobalSection
	GlobalSection(ProjectConfigurationPlatforms) = postSolution
		{8135883D-8ED2-4099-86C2-BE77FED9079A}.Debug|Any CPU.ActiveCfg = Debug|Any CPU
		{8135883D-8ED2-4099-86C2-BE77FED9079A}.Debug|Any CPU.Build.0 = Debug|Any CPU
		{8135883D-8ED2-4099-86C2-BE77FED9079A}.Release|Any CPU.ActiveCfg = Release|Any CPU
		{8135883D-8ED2-4099-86C2-BE77FED9079A}.Release|Any CPU.Build.0 = Release|Any CPU
		{A1B12FBA-43DD-424B-9303-2530B87EDD23}.Debug|Any CPU.ActiveCfg = Debug|Any CPU
		{A1B12FBA-43DD-424B-9303-2530B87EDD23}.Debug|Any CPU.Build.0 = Debug|Any CPU
		{A1B12FBA-43DD-424B-9303-2530B87EDD23}.Release|Any CPU.ActiveCfg = Release|Any CPU
		{A1B12FBA-43DD-424B-9303-2530B87EDD23}.Release|Any CPU.Build.0 = Release|Any CPU
	EndGlobalSection
	GlobalSection(SolutionProperties) = preSolution
		HideSolutionNode = FALSE
	EndGlobalSection
	GlobalSection(ExtensibilityGlobals) = postSolution
		SolutionGuid = {6F15AA4E-AB8A-46AF-9D4C-269BD426543C}
	EndGlobalSection
EndGlobal
